
Microsoft Visual Studio Solution File, Format Version 12.00
# Visual Studio 14
VisualStudioVersion = 14.0.25123.0
MinimumVisualStudioVersion = 10.0.40219.1
Project("{FAE04EC0-301F-11D3-BF4B-00C04F79EFBC}") = "Json2Sql", "Json2Sql\Json2Sql.csproj", "{94E9BF97-F01D-417F-8C20-667A27CF0E49}"
EndProject
Project("{FAE04EC0-301F-11D3-BF4B-00C04F79EFBC}") = "Json2Sql.Test", "Json2Sql.Test\Json2Sql.Test.csproj", "{EC1A95AB-A633-43EC-9541-9F858AD68D05}"
EndProject
Global
	GlobalSection(SolutionConfigurationPlatforms) = preSolution
		Debug|Any CPU = Debug|Any CPU
		Release|Any CPU = Release|Any CPU
	EndGlobalSection
	GlobalSection(ProjectConfigurationPlatforms) = postSolution
		{94E9BF97-F01D-417F-8C20-667A27CF0E49}.Debug|Any CPU.ActiveCfg = Debug|Any CPU
		{94E9BF97-F01D-417F-8C20-667A27CF0E49}.Debug|Any CPU.Build.0 = Debug|Any CPU
		{94E9BF97-F01D-417F-8C20-667A27CF0E49}.Release|Any CPU.ActiveCfg = Release|Any CPU
		{94E9BF97-F01D-417F-8C20-667A27CF0E49}.Release|Any CPU.Build.0 = Release|Any CPU
		{EC1A95AB-A633-43EC-9541-9F858AD68D05}.Debug|Any CPU.ActiveCfg = Debug|Any CPU
		{EC1A95AB-A633-43EC-9541-9F858AD68D05}.Debug|Any CPU.Build.0 = Debug|Any CPU
		{EC1A95AB-A633-43EC-9541-9F858AD68D05}.Release|Any CPU.ActiveCfg = Release|Any CPU
		{EC1A95AB-A633-43EC-9541-9F858AD68D05}.Release|Any CPU.Build.0 = Release|Any CPU
	EndGlobalSection
	GlobalSection(SolutionProperties) = preSolution
		HideSolutionNode = FALSE
	EndGlobalSection
EndGlobal
